// !$*UTF8*$!
{
	archiveVersion = 1;
	classes = {
	};
	objectVersion = 56;
	objects = {

/* Begin PBXBuildFile section */
		790E6FB12B905386002A9F37 /* RealmFavoriteCoin.swift in Sources */ = {isa = PBXBuildFile; fileRef = 790E6FB02B905386002A9F37 /* RealmFavoriteCoin.swift */; };
		790E6FB32B905479002A9F37 /* RealmRepository.swift in Sources */ = {isa = PBXBuildFile; fileRef = 790E6FB22B905479002A9F37 /* RealmRepository.swift */; };
		790E6FB52B9056EB002A9F37 /* FavoriteButtonManager.swift in Sources */ = {isa = PBXBuildFile; fileRef = 790E6FB42B9056EB002A9F37 /* FavoriteButtonManager.swift */; };
		790E6FB72B906B72002A9F37 /* FavoriteViewModel.swift in Sources */ = {isa = PBXBuildFile; fileRef = 790E6FB62B906B72002A9F37 /* FavoriteViewModel.swift */; };
		790E6FB92B909035002A9F37 /* HighLowColorManager.swift in Sources */ = {isa = PBXBuildFile; fileRef = 790E6FB82B909035002A9F37 /* HighLowColorManager.swift */; };
		790E6FBC2B90CDCE002A9F37 /* UserViewController.swift in Sources */ = {isa = PBXBuildFile; fileRef = 790E6FBB2B90CDCE002A9F37 /* UserViewController.swift */; };
		790E6FBE2B90D3C9002A9F37 /* FavoriteCell.swift in Sources */ = {isa = PBXBuildFile; fileRef = 790E6FBD2B90D3C9002A9F37 /* FavoriteCell.swift */; };
		790E6FC02B90D677002A9F37 /* RankCell.swift in Sources */ = {isa = PBXBuildFile; fileRef = 790E6FBF2B90D677002A9F37 /* RankCell.swift */; };
		790E6FC22B90D9C6002A9F37 /* TrendingFavoriteCollectionViewCell.swift in Sources */ = {isa = PBXBuildFile; fileRef = 790E6FC12B90D9C6002A9F37 /* TrendingFavoriteCollectionViewCell.swift */; };
		790E6FC42B90F7F7002A9F37 /* RankCollectionViewCell.swift in Sources */ = {isa = PBXBuildFile; fileRef = 790E6FC32B90F7F7002A9F37 /* RankCollectionViewCell.swift */; };
		790E6FC62B90F88E002A9F37 /* IconNameSymbolView.swift in Sources */ = {isa = PBXBuildFile; fileRef = 790E6FC52B90F88E002A9F37 /* IconNameSymbolView.swift */; };
		790E6FC82B90FB75002A9F37 /* TrendingViewModel.swift in Sources */ = {isa = PBXBuildFile; fileRef = 790E6FC72B90FB75002A9F37 /* TrendingViewModel.swift */; };
		790E6FCA2B933BCC002A9F37 /* BaseView.swift in Sources */ = {isa = PBXBuildFile; fileRef = 790E6FC92B933BCC002A9F37 /* BaseView.swift */; };
		790E6FCD2B937324002A9F37 /* PassDataProtocol.swift in Sources */ = {isa = PBXBuildFile; fileRef = 790E6FCC2B937324002A9F37 /* PassDataProtocol.swift */; };
		790E6FCF2B937459002A9F37 /* ViewTransitionProtocol.swift in Sources */ = {isa = PBXBuildFile; fileRef = 790E6FCE2B937459002A9F37 /* ViewTransitionProtocol.swift */; };
		790E6FD12B93963E002A9F37 /* Alert+Extension.swift in Sources */ = {isa = PBXBuildFile; fileRef = 790E6FD02B93963E002A9F37 /* Alert+Extension.swift */; };
		790E6FD32B939A29002A9F37 /* CryptoCoinError.swift in Sources */ = {isa = PBXBuildFile; fileRef = 790E6FD22B939A29002A9F37 /* CryptoCoinError.swift */; };
		790E6FD52B945C4B002A9F37 /* CircleUserImageBarButton.swift in Sources */ = {isa = PBXBuildFile; fileRef = 790E6FD42B945C4B002A9F37 /* CircleUserImageBarButton.swift */; };
		790E6FD72B946C50002A9F37 /* EmptyView.swift in Sources */ = {isa = PBXBuildFile; fileRef = 790E6FD62B946C50002A9F37 /* EmptyView.swift */; };
		7925C5BA2B8EAE67006A4691 /* ChartViewController.swift in Sources */ = {isa = PBXBuildFile; fileRef = 7925C5B92B8EAE67006A4691 /* ChartViewController.swift */; };
		7925C5DB2B8F05B1006A4691 /* IconNameView.swift in Sources */ = {isa = PBXBuildFile; fileRef = 7925C5DA2B8F05B1006A4691 /* IconNameView.swift */; };
		7925C5DE2B8F0A4C006A4691 /* Trending.swift in Sources */ = {isa = PBXBuildFile; fileRef = 7925C5DD2B8F0A4C006A4691 /* Trending.swift */; };
		7925C5E02B8F0A5E006A4691 /* Search.swift in Sources */ = {isa = PBXBuildFile; fileRef = 7925C5DF2B8F0A5E006A4691 /* Search.swift */; };
		7925C5E22B8F0A67006A4691 /* Market.swift in Sources */ = {isa = PBXBuildFile; fileRef = 7925C5E12B8F0A67006A4691 /* Market.swift */; };
		7925C5E42B8F0C57006A4691 /* Coin.swift in Sources */ = {isa = PBXBuildFile; fileRef = 7925C5E32B8F0C57006A4691 /* Coin.swift */; };
		7925C5E62B8F0C7D006A4691 /* NFT.swift in Sources */ = {isa = PBXBuildFile; fileRef = 7925C5E52B8F0C7D006A4691 /* NFT.swift */; };
		7925C5E82B8F1629006A4691 /* ChartViewModel.swift in Sources */ = {isa = PBXBuildFile; fileRef = 7925C5E72B8F1629006A4691 /* ChartViewModel.swift */; };
		7925C5EE2B8F6FF9006A4691 /* Number+Extension.swift in Sources */ = {isa = PBXBuildFile; fileRef = 7925C5ED2B8F6FF9006A4691 /* Number+Extension.swift */; };
		7925C5F02B8F81A1006A4691 /* DateFormatter+Extension.swift in Sources */ = {isa = PBXBuildFile; fileRef = 7925C5EF2B8F81A1006A4691 /* DateFormatter+Extension.swift */; };
		7958A7D62B8DB08D007372AF /* AppDelegate.swift in Sources */ = {isa = PBXBuildFile; fileRef = 7958A7D52B8DB08D007372AF /* AppDelegate.swift */; };
		7958A7D82B8DB08D007372AF /* SceneDelegate.swift in Sources */ = {isa = PBXBuildFile; fileRef = 7958A7D72B8DB08D007372AF /* SceneDelegate.swift */; };
		7958A7DD2B8DB08D007372AF /* Main.storyboard in Resources */ = {isa = PBXBuildFile; fileRef = 7958A7DB2B8DB08D007372AF /* Main.storyboard */; };
		7958A7DF2B8DB08E007372AF /* Assets.xcassets in Resources */ = {isa = PBXBuildFile; fileRef = 7958A7DE2B8DB08E007372AF /* Assets.xcassets */; };
		7958A7E22B8DB08E007372AF /* LaunchScreen.storyboard in Resources */ = {isa = PBXBuildFile; fileRef = 7958A7E02B8DB08E007372AF /* LaunchScreen.storyboard */; };
		7958A7EB2B8DB116007372AF /* Realm in Frameworks */ = {isa = PBXBuildFile; productRef = 7958A7EA2B8DB116007372AF /* Realm */; };
		7958A7ED2B8DB116007372AF /* RealmSwift in Frameworks */ = {isa = PBXBuildFile; productRef = 7958A7EC2B8DB116007372AF /* RealmSwift */; };
		7958A7F02B8DB121007372AF /* Alamofire in Frameworks */ = {isa = PBXBuildFile; productRef = 7958A7EF2B8DB121007372AF /* Alamofire */; };
		7958A7F32B8DB12E007372AF /* SnapKit in Frameworks */ = {isa = PBXBuildFile; productRef = 7958A7F22B8DB12E007372AF /* SnapKit */; };
		7958A7F62B8DB180007372AF /* DGCharts in Frameworks */ = {isa = PBXBuildFile; productRef = 7958A7F52B8DB180007372AF /* DGCharts */; };
		7958A7F92B8DB18F007372AF /* Toast in Frameworks */ = {isa = PBXBuildFile; productRef = 7958A7F82B8DB18F007372AF /* Toast */; };
		7958A7FC2B8DB1B5007372AF /* Kingfisher in Frameworks */ = {isa = PBXBuildFile; productRef = 7958A7FB2B8DB1B5007372AF /* Kingfisher */; };
		7958A8002B8DB21D007372AF /* BaseViewController.swift in Sources */ = {isa = PBXBuildFile; fileRef = 7958A7FF2B8DB21D007372AF /* BaseViewController.swift */; };
		7958A8022B8DB328007372AF /* UIColor+Extension.swift in Sources */ = {isa = PBXBuildFile; fileRef = 7958A8012B8DB328007372AF /* UIColor+Extension.swift */; };
		7958A80B2B8DBAFE007372AF /* APIService.swift in Sources */ = {isa = PBXBuildFile; fileRef = 7958A80A2B8DBAFE007372AF /* APIService.swift */; };
		7958A80D2B8DBC65007372AF /* CoinAPI.swift in Sources */ = {isa = PBXBuildFile; fileRef = 7958A80C2B8DBC65007372AF /* CoinAPI.swift */; };
		7958A8102B8DBF4F007372AF /* TrendingDTO.swift in Sources */ = {isa = PBXBuildFile; fileRef = 7958A80F2B8DBF4F007372AF /* TrendingDTO.swift */; };
		7958A8122B8DC25F007372AF /* CoinDTO.swift in Sources */ = {isa = PBXBuildFile; fileRef = 7958A8112B8DC25F007372AF /* CoinDTO.swift */; };
		7958A8142B8DC265007372AF /* NFTDTO.swift in Sources */ = {isa = PBXBuildFile; fileRef = 7958A8132B8DC265007372AF /* NFTDTO.swift */; };
		7958A8162B8DC361007372AF /* SearchDTO.swift in Sources */ = {isa = PBXBuildFile; fileRef = 7958A8152B8DC361007372AF /* SearchDTO.swift */; };
		7958A8182B8DC3DC007372AF /* MarketDTO.swift in Sources */ = {isa = PBXBuildFile; fileRef = 7958A8172B8DC3DC007372AF /* MarketDTO.swift */; };
		7958A81A2B8DDAEF007372AF /* SearchViewController.swift in Sources */ = {isa = PBXBuildFile; fileRef = 7958A8192B8DDAEF007372AF /* SearchViewController.swift */; };
		7958A81C2B8DE0BF007372AF /* SearchTableViewCell.swift in Sources */ = {isa = PBXBuildFile; fileRef = 7958A81B2B8DE0BF007372AF /* SearchTableViewCell.swift */; };
		7958A81E2B8DE0DE007372AF /* Identifier.swift in Sources */ = {isa = PBXBuildFile; fileRef = 7958A81D2B8DE0DE007372AF /* Identifier.swift */; };
		7958A8202B8DE359007372AF /* BaseTableViewCell.swift in Sources */ = {isa = PBXBuildFile; fileRef = 7958A81F2B8DE359007372AF /* BaseTableViewCell.swift */; };
		7958A8242B8DF155007372AF /* UIFont+Extension.swift in Sources */ = {isa = PBXBuildFile; fileRef = 7958A8232B8DF155007372AF /* UIFont+Extension.swift */; };
		7958A8262B8DF52C007372AF /* SearchViewModel.swift in Sources */ = {isa = PBXBuildFile; fileRef = 7958A8252B8DF52C007372AF /* SearchViewModel.swift */; };
		7958A8282B8DF593007372AF /* Observable.swift in Sources */ = {isa = PBXBuildFile; fileRef = 7958A8272B8DF593007372AF /* Observable.swift */; };
		7958A82A2B8E011A007372AF /* Toast+Extension.swift in Sources */ = {isa = PBXBuildFile; fileRef = 7958A8292B8E011A007372AF /* Toast+Extension.swift */; };
		7958A82D2B8E3054007372AF /* Constants.swift in Sources */ = {isa = PBXBuildFile; fileRef = 7958A82C2B8E3054007372AF /* Constants.swift */; };
		7958A82F2B8E32ED007372AF /* TrendingViewController.swift in Sources */ = {isa = PBXBuildFile; fileRef = 7958A82E2B8E32ED007372AF /* TrendingViewController.swift */; };
		7958A8312B8E3300007372AF /* FavoriteViewController.swift in Sources */ = {isa = PBXBuildFile; fileRef = 7958A8302B8E3300007372AF /* FavoriteViewController.swift */; };
		7958A8332B8E35BC007372AF /* BaseCollectionViewCell.swift in Sources */ = {isa = PBXBuildFile; fileRef = 7958A8322B8E35BC007372AF /* BaseCollectionViewCell.swift */; };
		7958A8352B8E3623007372AF /* FavoriteCollectionViewCell.swift in Sources */ = {isa = PBXBuildFile; fileRef = 7958A8342B8E3623007372AF /* FavoriteCollectionViewCell.swift */; };
/* End PBXBuildFile section */

/* Begin PBXFileReference section */
		790E6FB02B905386002A9F37 /* RealmFavoriteCoin.swift */ = {isa = PBXFileReference; lastKnownFileType = sourcecode.swift; path = RealmFavoriteCoin.swift; sourceTree = "<group>"; };
		790E6FB22B905479002A9F37 /* RealmRepository.swift */ = {isa = PBXFileReference; lastKnownFileType = sourcecode.swift; path = RealmRepository.swift; sourceTree = "<group>"; };
		790E6FB42B9056EB002A9F37 /* FavoriteButtonManager.swift */ = {isa = PBXFileReference; lastKnownFileType = sourcecode.swift; path = FavoriteButtonManager.swift; sourceTree = "<group>"; };
		790E6FB62B906B72002A9F37 /* FavoriteViewModel.swift */ = {isa = PBXFileReference; lastKnownFileType = sourcecode.swift; path = FavoriteViewModel.swift; sourceTree = "<group>"; };
		790E6FB82B909035002A9F37 /* HighLowColorManager.swift */ = {isa = PBXFileReference; lastKnownFileType = sourcecode.swift; path = HighLowColorManager.swift; sourceTree = "<group>"; };
		790E6FBB2B90CDCE002A9F37 /* UserViewController.swift */ = {isa = PBXFileReference; lastKnownFileType = sourcecode.swift; path = UserViewController.swift; sourceTree = "<group>"; };
		790E6FBD2B90D3C9002A9F37 /* FavoriteCell.swift */ = {isa = PBXFileReference; lastKnownFileType = sourcecode.swift; path = FavoriteCell.swift; sourceTree = "<group>"; };
		790E6FBF2B90D677002A9F37 /* RankCell.swift */ = {isa = PBXFileReference; lastKnownFileType = sourcecode.swift; path = RankCell.swift; sourceTree = "<group>"; };
		790E6FC12B90D9C6002A9F37 /* TrendingFavoriteCollectionViewCell.swift */ = {isa = PBXFileReference; lastKnownFileType = sourcecode.swift; path = TrendingFavoriteCollectionViewCell.swift; sourceTree = "<group>"; };
		790E6FC32B90F7F7002A9F37 /* RankCollectionViewCell.swift */ = {isa = PBXFileReference; lastKnownFileType = sourcecode.swift; path = RankCollectionViewCell.swift; sourceTree = "<group>"; };
		790E6FC52B90F88E002A9F37 /* IconNameSymbolView.swift */ = {isa = PBXFileReference; lastKnownFileType = sourcecode.swift; path = IconNameSymbolView.swift; sourceTree = "<group>"; };
		790E6FC72B90FB75002A9F37 /* TrendingViewModel.swift */ = {isa = PBXFileReference; lastKnownFileType = sourcecode.swift; path = TrendingViewModel.swift; sourceTree = "<group>"; };
		790E6FC92B933BCC002A9F37 /* BaseView.swift */ = {isa = PBXFileReference; lastKnownFileType = sourcecode.swift; path = BaseView.swift; sourceTree = "<group>"; };
		790E6FCC2B937324002A9F37 /* PassDataProtocol.swift */ = {isa = PBXFileReference; lastKnownFileType = sourcecode.swift; path = PassDataProtocol.swift; sourceTree = "<group>"; };
		790E6FCE2B937459002A9F37 /* ViewTransitionProtocol.swift */ = {isa = PBXFileReference; lastKnownFileType = sourcecode.swift; path = ViewTransitionProtocol.swift; sourceTree = "<group>"; };
		790E6FD02B93963E002A9F37 /* Alert+Extension.swift */ = {isa = PBXFileReference; lastKnownFileType = sourcecode.swift; path = "Alert+Extension.swift"; sourceTree = "<group>"; };
		790E6FD22B939A29002A9F37 /* CryptoCoinError.swift */ = {isa = PBXFileReference; lastKnownFileType = sourcecode.swift; path = CryptoCoinError.swift; sourceTree = "<group>"; };
		790E6FD42B945C4B002A9F37 /* CircleUserImageBarButton.swift */ = {isa = PBXFileReference; lastKnownFileType = sourcecode.swift; path = CircleUserImageBarButton.swift; sourceTree = "<group>"; };
		790E6FD62B946C50002A9F37 /* EmptyView.swift */ = {isa = PBXFileReference; lastKnownFileType = sourcecode.swift; path = EmptyView.swift; sourceTree = "<group>"; };
		7925C5B92B8EAE67006A4691 /* ChartViewController.swift */ = {isa = PBXFileReference; lastKnownFileType = sourcecode.swift; path = ChartViewController.swift; sourceTree = "<group>"; };
		7925C5DA2B8F05B1006A4691 /* IconNameView.swift */ = {isa = PBXFileReference; lastKnownFileType = sourcecode.swift; path = IconNameView.swift; sourceTree = "<group>"; };
		7925C5DD2B8F0A4C006A4691 /* Trending.swift */ = {isa = PBXFileReference; lastKnownFileType = sourcecode.swift; path = Trending.swift; sourceTree = "<group>"; };
		7925C5DF2B8F0A5E006A4691 /* Search.swift */ = {isa = PBXFileReference; lastKnownFileType = sourcecode.swift; path = Search.swift; sourceTree = "<group>"; };
		7925C5E12B8F0A67006A4691 /* Market.swift */ = {isa = PBXFileReference; lastKnownFileType = sourcecode.swift; path = Market.swift; sourceTree = "<group>"; };
		7925C5E32B8F0C57006A4691 /* Coin.swift */ = {isa = PBXFileReference; lastKnownFileType = sourcecode.swift; path = Coin.swift; sourceTree = "<group>"; };
		7925C5E52B8F0C7D006A4691 /* NFT.swift */ = {isa = PBXFileReference; lastKnownFileType = sourcecode.swift; path = NFT.swift; sourceTree = "<group>"; };
		7925C5E72B8F1629006A4691 /* ChartViewModel.swift */ = {isa = PBXFileReference; lastKnownFileType = sourcecode.swift; path = ChartViewModel.swift; sourceTree = "<group>"; };
		7925C5ED2B8F6FF9006A4691 /* Number+Extension.swift */ = {isa = PBXFileReference; lastKnownFileType = sourcecode.swift; path = "Number+Extension.swift"; sourceTree = "<group>"; };
		7925C5EF2B8F81A1006A4691 /* DateFormatter+Extension.swift */ = {isa = PBXFileReference; lastKnownFileType = sourcecode.swift; path = "DateFormatter+Extension.swift"; sourceTree = "<group>"; };
		7958A7D22B8DB08D007372AF /* CryptoCoinApp.app */ = {isa = PBXFileReference; explicitFileType = wrapper.application; includeInIndex = 0; path = CryptoCoinApp.app; sourceTree = BUILT_PRODUCTS_DIR; };
		7958A7D52B8DB08D007372AF /* AppDelegate.swift */ = {isa = PBXFileReference; lastKnownFileType = sourcecode.swift; path = AppDelegate.swift; sourceTree = "<group>"; };
		7958A7D72B8DB08D007372AF /* SceneDelegate.swift */ = {isa = PBXFileReference; lastKnownFileType = sourcecode.swift; path = SceneDelegate.swift; sourceTree = "<group>"; };
		7958A7DC2B8DB08D007372AF /* Base */ = {isa = PBXFileReference; lastKnownFileType = file.storyboard; name = Base; path = Base.lproj/Main.storyboard; sourceTree = "<group>"; };
		7958A7DE2B8DB08E007372AF /* Assets.xcassets */ = {isa = PBXFileReference; lastKnownFileType = folder.assetcatalog; path = Assets.xcassets; sourceTree = "<group>"; };
		7958A7E12B8DB08E007372AF /* Base */ = {isa = PBXFileReference; lastKnownFileType = file.storyboard; name = Base; path = Base.lproj/LaunchScreen.storyboard; sourceTree = "<group>"; };
		7958A7E32B8DB08E007372AF /* Info.plist */ = {isa = PBXFileReference; lastKnownFileType = text.plist.xml; path = Info.plist; sourceTree = "<group>"; };
		7958A7FF2B8DB21D007372AF /* BaseViewController.swift */ = {isa = PBXFileReference; lastKnownFileType = sourcecode.swift; path = BaseViewController.swift; sourceTree = "<group>"; };
		7958A8012B8DB328007372AF /* UIColor+Extension.swift */ = {isa = PBXFileReference; lastKnownFileType = sourcecode.swift; path = "UIColor+Extension.swift"; sourceTree = "<group>"; };
		7958A80A2B8DBAFE007372AF /* APIService.swift */ = {isa = PBXFileReference; lastKnownFileType = sourcecode.swift; path = APIService.swift; sourceTree = "<group>"; };
		7958A80C2B8DBC65007372AF /* CoinAPI.swift */ = {isa = PBXFileReference; lastKnownFileType = sourcecode.swift; path = CoinAPI.swift; sourceTree = "<group>"; };
		7958A80F2B8DBF4F007372AF /* TrendingDTO.swift */ = {isa = PBXFileReference; lastKnownFileType = sourcecode.swift; path = TrendingDTO.swift; sourceTree = "<group>"; };
		7958A8112B8DC25F007372AF /* CoinDTO.swift */ = {isa = PBXFileReference; lastKnownFileType = sourcecode.swift; path = CoinDTO.swift; sourceTree = "<group>"; };
		7958A8132B8DC265007372AF /* NFTDTO.swift */ = {isa = PBXFileReference; lastKnownFileType = sourcecode.swift; path = NFTDTO.swift; sourceTree = "<group>"; };
		7958A8152B8DC361007372AF /* SearchDTO.swift */ = {isa = PBXFileReference; lastKnownFileType = sourcecode.swift; path = SearchDTO.swift; sourceTree = "<group>"; };
		7958A8172B8DC3DC007372AF /* MarketDTO.swift */ = {isa = PBXFileReference; lastKnownFileType = sourcecode.swift; path = MarketDTO.swift; sourceTree = "<group>"; };
		7958A8192B8DDAEF007372AF /* SearchViewController.swift */ = {isa = PBXFileReference; lastKnownFileType = sourcecode.swift; path = SearchViewController.swift; sourceTree = "<group>"; };
		7958A81B2B8DE0BF007372AF /* SearchTableViewCell.swift */ = {isa = PBXFileReference; lastKnownFileType = sourcecode.swift; path = SearchTableViewCell.swift; sourceTree = "<group>"; };
		7958A81D2B8DE0DE007372AF /* Identifier.swift */ = {isa = PBXFileReference; lastKnownFileType = sourcecode.swift; path = Identifier.swift; sourceTree = "<group>"; };
		7958A81F2B8DE359007372AF /* BaseTableViewCell.swift */ = {isa = PBXFileReference; lastKnownFileType = sourcecode.swift; path = BaseTableViewCell.swift; sourceTree = "<group>"; };
		7958A8232B8DF155007372AF /* UIFont+Extension.swift */ = {isa = PBXFileReference; lastKnownFileType = sourcecode.swift; path = "UIFont+Extension.swift"; sourceTree = "<group>"; };
		7958A8252B8DF52C007372AF /* SearchViewModel.swift */ = {isa = PBXFileReference; lastKnownFileType = sourcecode.swift; path = SearchViewModel.swift; sourceTree = "<group>"; };
		7958A8272B8DF593007372AF /* Observable.swift */ = {isa = PBXFileReference; lastKnownFileType = sourcecode.swift; path = Observable.swift; sourceTree = "<group>"; };
		7958A8292B8E011A007372AF /* Toast+Extension.swift */ = {isa = PBXFileReference; lastKnownFileType = sourcecode.swift; path = "Toast+Extension.swift"; sourceTree = "<group>"; };
		7958A82C2B8E3054007372AF /* Constants.swift */ = {isa = PBXFileReference; lastKnownFileType = sourcecode.swift; path = Constants.swift; sourceTree = "<group>"; };
		7958A82E2B8E32ED007372AF /* TrendingViewController.swift */ = {isa = PBXFileReference; lastKnownFileType = sourcecode.swift; path = TrendingViewController.swift; sourceTree = "<group>"; };
		7958A8302B8E3300007372AF /* FavoriteViewController.swift */ = {isa = PBXFileReference; lastKnownFileType = sourcecode.swift; path = FavoriteViewController.swift; sourceTree = "<group>"; };
		7958A8322B8E35BC007372AF /* BaseCollectionViewCell.swift */ = {isa = PBXFileReference; lastKnownFileType = sourcecode.swift; path = BaseCollectionViewCell.swift; sourceTree = "<group>"; };
		7958A8342B8E3623007372AF /* FavoriteCollectionViewCell.swift */ = {isa = PBXFileReference; lastKnownFileType = sourcecode.swift; path = FavoriteCollectionViewCell.swift; sourceTree = "<group>"; };
/* End PBXFileReference section */

/* Begin PBXFrameworksBuildPhase section */
		7958A7CF2B8DB08D007372AF /* Frameworks */ = {
			isa = PBXFrameworksBuildPhase;
			buildActionMask = 2147483647;
			files = (
				7958A7F92B8DB18F007372AF /* Toast in Frameworks */,
				7958A7F02B8DB121007372AF /* Alamofire in Frameworks */,
				7958A7FC2B8DB1B5007372AF /* Kingfisher in Frameworks */,
				7958A7F32B8DB12E007372AF /* SnapKit in Frameworks */,
				7958A7F62B8DB180007372AF /* DGCharts in Frameworks */,
				7958A7ED2B8DB116007372AF /* RealmSwift in Frameworks */,
				7958A7EB2B8DB116007372AF /* Realm in Frameworks */,
			);
			runOnlyForDeploymentPostprocessing = 0;
		};
/* End PBXFrameworksBuildPhase section */

/* Begin PBXGroup section */
		790E6FBA2B90CDAC002A9F37 /* User */ = {
			isa = PBXGroup;
			children = (
				790E6FBB2B90CDCE002A9F37 /* UserViewController.swift */,
			);
			path = User;
			sourceTree = "<group>";
		};
		790E6FCB2B93730C002A9F37 /* Protocol */ = {
			isa = PBXGroup;
			children = (
				790E6FCC2B937324002A9F37 /* PassDataProtocol.swift */,
				790E6FCE2B937459002A9F37 /* ViewTransitionProtocol.swift */,
			);
			path = Protocol;
			sourceTree = "<group>";
		};
		7925C5D92B8F0595006A4691 /* Custom */ = {
			isa = PBXGroup;
			children = (
				790E6FB42B9056EB002A9F37 /* FavoriteButtonManager.swift */,
				790E6FB82B909035002A9F37 /* HighLowColorManager.swift */,
				7925C5DA2B8F05B1006A4691 /* IconNameView.swift */,
				790E6FC52B90F88E002A9F37 /* IconNameSymbolView.swift */,
				790E6FD42B945C4B002A9F37 /* CircleUserImageBarButton.swift */,
				790E6FD62B946C50002A9F37 /* EmptyView.swift */,
			);
			path = Custom;
			sourceTree = "<group>";
		};
		7925C5DC2B8F09A3006A4691 /* Entity */ = {
			isa = PBXGroup;
			children = (
				7925C5DD2B8F0A4C006A4691 /* Trending.swift */,
				7925C5DF2B8F0A5E006A4691 /* Search.swift */,
				7925C5E12B8F0A67006A4691 /* Market.swift */,
				7925C5E32B8F0C57006A4691 /* Coin.swift */,
				7925C5E52B8F0C7D006A4691 /* NFT.swift */,
			);
			path = Entity;
			sourceTree = "<group>";
		};
		7925C5E92B8F6EA9006A4691 /* Model */ = {
			isa = PBXGroup;
			children = (
				7925C5DC2B8F09A3006A4691 /* Entity */,
			);
			path = Model;
			sourceTree = "<group>";
		};
		7925C5EB2B8F6F21006A4691 /* ViewModel */ = {
			isa = PBXGroup;
			children = (
				7958A8252B8DF52C007372AF /* SearchViewModel.swift */,
			);
			path = ViewModel;
			sourceTree = "<group>";
		};
		7958A7C92B8DB08D007372AF = {
			isa = PBXGroup;
			children = (
				7958A7D42B8DB08D007372AF /* CryptoCoinApp */,
				7958A7D32B8DB08D007372AF /* Products */,
			);
			sourceTree = "<group>";
		};
		7958A7D32B8DB08D007372AF /* Products */ = {
			isa = PBXGroup;
			children = (
				7958A7D22B8DB08D007372AF /* CryptoCoinApp.app */,
			);
			name = Products;
			sourceTree = "<group>";
		};
		7958A7D42B8DB08D007372AF /* CryptoCoinApp */ = {
			isa = PBXGroup;
			children = (
				790E6FCB2B93730C002A9F37 /* Protocol */,
				7958A8092B8DBA4B007372AF /* Observable */,
				7958A7FE2B8DB206007372AF /* Extension */,
				7958A82B2B8E3046007372AF /* Enum */,
				7925C5E92B8F6EA9006A4691 /* Model */,
				7958A7FD2B8DB1CE007372AF /* Base */,
				7925C5D92B8F0595006A4691 /* Custom */,
				7958A8032B8DB9A6007372AF /* Trending */,
				7958A8042B8DB9C3007372AF /* Search */,
				7958A8052B8DB9DB007372AF /* Favorite */,
				7958A8062B8DB9ED007372AF /* Chart */,
				790E6FBA2B90CDAC002A9F37 /* User */,
				7958A8072B8DBA2C007372AF /* Network */,
				7958A8082B8DBA3D007372AF /* DB */,
				7958A7D52B8DB08D007372AF /* AppDelegate.swift */,
				7958A7D72B8DB08D007372AF /* SceneDelegate.swift */,
				7958A7DE2B8DB08E007372AF /* Assets.xcassets */,
				7958A7DB2B8DB08D007372AF /* Main.storyboard */,
				7958A7E02B8DB08E007372AF /* LaunchScreen.storyboard */,
				7958A7E32B8DB08E007372AF /* Info.plist */,
			);
			path = CryptoCoinApp;
			sourceTree = "<group>";
		};
		7958A7FD2B8DB1CE007372AF /* Base */ = {
			isa = PBXGroup;
			children = (
				7958A7FF2B8DB21D007372AF /* BaseViewController.swift */,
				7958A81F2B8DE359007372AF /* BaseTableViewCell.swift */,
				7958A8322B8E35BC007372AF /* BaseCollectionViewCell.swift */,
				790E6FC92B933BCC002A9F37 /* BaseView.swift */,
			);
			path = Base;
			sourceTree = "<group>";
		};
		7958A7FE2B8DB206007372AF /* Extension */ = {
			isa = PBXGroup;
			children = (
				7958A81D2B8DE0DE007372AF /* Identifier.swift */,
				7958A8012B8DB328007372AF /* UIColor+Extension.swift */,
				7958A8232B8DF155007372AF /* UIFont+Extension.swift */,
				7958A8292B8E011A007372AF /* Toast+Extension.swift */,
				7925C5ED2B8F6FF9006A4691 /* Number+Extension.swift */,
				7925C5EF2B8F81A1006A4691 /* DateFormatter+Extension.swift */,
				790E6FD02B93963E002A9F37 /* Alert+Extension.swift */,
			);
			path = Extension;
			sourceTree = "<group>";
		};
		7958A8032B8DB9A6007372AF /* Trending */ = {
			isa = PBXGroup;
			children = (
				7958A82E2B8E32ED007372AF /* TrendingViewController.swift */,
				790E6FBD2B90D3C9002A9F37 /* FavoriteCell.swift */,
				790E6FC12B90D9C6002A9F37 /* TrendingFavoriteCollectionViewCell.swift */,
				790E6FBF2B90D677002A9F37 /* RankCell.swift */,
				790E6FC32B90F7F7002A9F37 /* RankCollectionViewCell.swift */,
				790E6FC72B90FB75002A9F37 /* TrendingViewModel.swift */,
			);
			path = Trending;
			sourceTree = "<group>";
		};
		7958A8042B8DB9C3007372AF /* Search */ = {
			isa = PBXGroup;
			children = (
				7958A8192B8DDAEF007372AF /* SearchViewController.swift */,
				7958A81B2B8DE0BF007372AF /* SearchTableViewCell.swift */,
				7925C5EB2B8F6F21006A4691 /* ViewModel */,
			);
			path = Search;
			sourceTree = "<group>";
		};
		7958A8052B8DB9DB007372AF /* Favorite */ = {
			isa = PBXGroup;
			children = (
				7958A8302B8E3300007372AF /* FavoriteViewController.swift */,
				7958A8342B8E3623007372AF /* FavoriteCollectionViewCell.swift */,
				790E6FB62B906B72002A9F37 /* FavoriteViewModel.swift */,
			);
			path = Favorite;
			sourceTree = "<group>";
		};
		7958A8062B8DB9ED007372AF /* Chart */ = {
			isa = PBXGroup;
			children = (
				7925C5B92B8EAE67006A4691 /* ChartViewController.swift */,
				7925C5E72B8F1629006A4691 /* ChartViewModel.swift */,
			);
			path = Chart;
			sourceTree = "<group>";
		};
		7958A8072B8DBA2C007372AF /* Network */ = {
			isa = PBXGroup;
			children = (
				7958A80E2B8DBF43007372AF /* DTO */,
				7958A80C2B8DBC65007372AF /* CoinAPI.swift */,
				7958A80A2B8DBAFE007372AF /* APIService.swift */,
			);
			path = Network;
			sourceTree = "<group>";
		};
		7958A8082B8DBA3D007372AF /* DB */ = {
			isa = PBXGroup;
			children = (
				790E6FB02B905386002A9F37 /* RealmFavoriteCoin.swift */,
				790E6FB22B905479002A9F37 /* RealmRepository.swift */,
			);
			path = DB;
			sourceTree = "<group>";
		};
		7958A8092B8DBA4B007372AF /* Observable */ = {
			isa = PBXGroup;
			children = (
				7958A8272B8DF593007372AF /* Observable.swift */,
			);
			path = Observable;
			sourceTree = "<group>";
		};
		7958A80E2B8DBF43007372AF /* DTO */ = {
			isa = PBXGroup;
			children = (
				7958A80F2B8DBF4F007372AF /* TrendingDTO.swift */,
				7958A8152B8DC361007372AF /* SearchDTO.swift */,
				7958A8172B8DC3DC007372AF /* MarketDTO.swift */,
				7958A8112B8DC25F007372AF /* CoinDTO.swift */,
				7958A8132B8DC265007372AF /* NFTDTO.swift */,
			);
			path = DTO;
			sourceTree = "<group>";
		};
		7958A82B2B8E3046007372AF /* Enum */ = {
			isa = PBXGroup;
			children = (
				7958A82C2B8E3054007372AF /* Constants.swift */,
				790E6FD22B939A29002A9F37 /* CryptoCoinError.swift */,
			);
			path = Enum;
			sourceTree = "<group>";
		};
/* End PBXGroup section */

/* Begin PBXNativeTarget section */
		7958A7D12B8DB08D007372AF /* CryptoCoinApp */ = {
			isa = PBXNativeTarget;
			buildConfigurationList = 7958A7E62B8DB08E007372AF /* Build configuration list for PBXNativeTarget "CryptoCoinApp" */;
			buildPhases = (
				7958A7CE2B8DB08D007372AF /* Sources */,
				7958A7CF2B8DB08D007372AF /* Frameworks */,
				7958A7D02B8DB08D007372AF /* Resources */,
			);
			buildRules = (
			);
			dependencies = (
			);
			name = CryptoCoinApp;
			packageProductDependencies = (
				7958A7EA2B8DB116007372AF /* Realm */,
				7958A7EC2B8DB116007372AF /* RealmSwift */,
				7958A7EF2B8DB121007372AF /* Alamofire */,
				7958A7F22B8DB12E007372AF /* SnapKit */,
				7958A7F52B8DB180007372AF /* DGCharts */,
				7958A7F82B8DB18F007372AF /* Toast */,
				7958A7FB2B8DB1B5007372AF /* Kingfisher */,
			);
			productName = CryptoCoinApp;
			productReference = 7958A7D22B8DB08D007372AF /* CryptoCoinApp.app */;
			productType = "com.apple.product-type.application";
		};
/* End PBXNativeTarget section */

/* Begin PBXProject section */
		7958A7CA2B8DB08D007372AF /* Project object */ = {
			isa = PBXProject;
			attributes = {
				BuildIndependentTargetsInParallel = 1;
				LastSwiftUpdateCheck = 1520;
				LastUpgradeCheck = 1520;
				TargetAttributes = {
					7958A7D12B8DB08D007372AF = {
						CreatedOnToolsVersion = 15.2;
					};
				};
			};
			buildConfigurationList = 7958A7CD2B8DB08D007372AF /* Build configuration list for PBXProject "CryptoCoinApp" */;
			compatibilityVersion = "Xcode 14.0";
			developmentRegion = en;
			hasScannedForEncodings = 0;
			knownRegions = (
				en,
				Base,
			);
			mainGroup = 7958A7C92B8DB08D007372AF;
			packageReferences = (
				7958A7E92B8DB116007372AF /* XCRemoteSwiftPackageReference "realm-swift" */,
				7958A7EE2B8DB121007372AF /* XCRemoteSwiftPackageReference "Alamofire" */,
				7958A7F12B8DB12E007372AF /* XCRemoteSwiftPackageReference "SnapKit" */,
				7958A7F42B8DB180007372AF /* XCRemoteSwiftPackageReference "Charts" */,
				7958A7F72B8DB18F007372AF /* XCRemoteSwiftPackageReference "Toast-Swift" */,
				7958A7FA2B8DB1B5007372AF /* XCRemoteSwiftPackageReference "Kingfisher" */,
			);
			productRefGroup = 7958A7D32B8DB08D007372AF /* Products */;
			projectDirPath = "";
			projectRoot = "";
			targets = (
				7958A7D12B8DB08D007372AF /* CryptoCoinApp */,
			);
		};
/* End PBXProject section */

/* Begin PBXResourcesBuildPhase section */
		7958A7D02B8DB08D007372AF /* Resources */ = {
			isa = PBXResourcesBuildPhase;
			buildActionMask = 2147483647;
			files = (
				7958A7E22B8DB08E007372AF /* LaunchScreen.storyboard in Resources */,
				7958A7DF2B8DB08E007372AF /* Assets.xcassets in Resources */,
				7958A7DD2B8DB08D007372AF /* Main.storyboard in Resources */,
			);
			runOnlyForDeploymentPostprocessing = 0;
		};
/* End PBXResourcesBuildPhase section */

/* Begin PBXSourcesBuildPhase section */
		7958A7CE2B8DB08D007372AF /* Sources */ = {
			isa = PBXSourcesBuildPhase;
			buildActionMask = 2147483647;
			files = (
				7958A8312B8E3300007372AF /* FavoriteViewController.swift in Sources */,
				790E6FBC2B90CDCE002A9F37 /* UserViewController.swift in Sources */,
				7958A8162B8DC361007372AF /* SearchDTO.swift in Sources */,
				7958A8122B8DC25F007372AF /* CoinDTO.swift in Sources */,
				7958A8142B8DC265007372AF /* NFTDTO.swift in Sources */,
				7925C5DB2B8F05B1006A4691 /* IconNameView.swift in Sources */,
				7958A8352B8E3623007372AF /* FavoriteCollectionViewCell.swift in Sources */,
				790E6FC82B90FB75002A9F37 /* TrendingViewModel.swift in Sources */,
				7958A8002B8DB21D007372AF /* BaseViewController.swift in Sources */,
				790E6FD32B939A29002A9F37 /* CryptoCoinError.swift in Sources */,
				7958A8282B8DF593007372AF /* Observable.swift in Sources */,
				7925C5E22B8F0A67006A4691 /* Market.swift in Sources */,
				7925C5F02B8F81A1006A4691 /* DateFormatter+Extension.swift in Sources */,
				790E6FB92B909035002A9F37 /* HighLowColorManager.swift in Sources */,
				790E6FC22B90D9C6002A9F37 /* TrendingFavoriteCollectionViewCell.swift in Sources */,
				7958A8332B8E35BC007372AF /* BaseCollectionViewCell.swift in Sources */,
				7958A7D62B8DB08D007372AF /* AppDelegate.swift in Sources */,
				790E6FCF2B937459002A9F37 /* ViewTransitionProtocol.swift in Sources */,
				7958A82D2B8E3054007372AF /* Constants.swift in Sources */,
				7958A7D82B8DB08D007372AF /* SceneDelegate.swift in Sources */,
				7925C5E82B8F1629006A4691 /* ChartViewModel.swift in Sources */,
				790E6FC62B90F88E002A9F37 /* IconNameSymbolView.swift in Sources */,
				790E6FD52B945C4B002A9F37 /* CircleUserImageBarButton.swift in Sources */,
				790E6FCD2B937324002A9F37 /* PassDataProtocol.swift in Sources */,
				7925C5DE2B8F0A4C006A4691 /* Trending.swift in Sources */,
				7925C5E02B8F0A5E006A4691 /* Search.swift in Sources */,
				790E6FB32B905479002A9F37 /* RealmRepository.swift in Sources */,
				7958A81A2B8DDAEF007372AF /* SearchViewController.swift in Sources */,
				790E6FD12B93963E002A9F37 /* Alert+Extension.swift in Sources */,
				790E6FBE2B90D3C9002A9F37 /* FavoriteCell.swift in Sources */,
				7958A8102B8DBF4F007372AF /* TrendingDTO.swift in Sources */,
				7958A81C2B8DE0BF007372AF /* SearchTableViewCell.swift in Sources */,
				790E6FB52B9056EB002A9F37 /* FavoriteButtonManager.swift in Sources */,
				790E6FD72B946C50002A9F37 /* EmptyView.swift in Sources */,
				7925C5E42B8F0C57006A4691 /* Coin.swift in Sources */,
				7958A80B2B8DBAFE007372AF /* APIService.swift in Sources */,
				7958A81E2B8DE0DE007372AF /* Identifier.swift in Sources */,
				7958A82A2B8E011A007372AF /* Toast+Extension.swift in Sources */,
				790E6FB72B906B72002A9F37 /* FavoriteViewModel.swift in Sources */,
				7958A82F2B8E32ED007372AF /* TrendingViewController.swift in Sources */,
				790E6FC02B90D677002A9F37 /* RankCell.swift in Sources */,
				7925C5E62B8F0C7D006A4691 /* NFT.swift in Sources */,
				790E6FC42B90F7F7002A9F37 /* RankCollectionViewCell.swift in Sources */,
				7958A80D2B8DBC65007372AF /* CoinAPI.swift in Sources */,
				7925C5BA2B8EAE67006A4691 /* ChartViewController.swift in Sources */,
				7958A8022B8DB328007372AF /* UIColor+Extension.swift in Sources */,
				7925C5EE2B8F6FF9006A4691 /* Number+Extension.swift in Sources */,
				7958A8202B8DE359007372AF /* BaseTableViewCell.swift in Sources */,
				7958A8262B8DF52C007372AF /* SearchViewModel.swift in Sources */,
				7958A8242B8DF155007372AF /* UIFont+Extension.swift in Sources */,
				790E6FB12B905386002A9F37 /* RealmFavoriteCoin.swift in Sources */,
				7958A8182B8DC3DC007372AF /* MarketDTO.swift in Sources */,
				790E6FCA2B933BCC002A9F37 /* BaseView.swift in Sources */,
			);
			runOnlyForDeploymentPostprocessing = 0;
		};
/* End PBXSourcesBuildPhase section */

/* Begin PBXVariantGroup section */
		7958A7DB2B8DB08D007372AF /* Main.storyboard */ = {
			isa = PBXVariantGroup;
			children = (
				7958A7DC2B8DB08D007372AF /* Base */,
			);
			name = Main.storyboard;
			sourceTree = "<group>";
		};
		7958A7E02B8DB08E007372AF /* LaunchScreen.storyboard */ = {
			isa = PBXVariantGroup;
			children = (
				7958A7E12B8DB08E007372AF /* Base */,
			);
			name = LaunchScreen.storyboard;
			sourceTree = "<group>";
		};
/* End PBXVariantGroup section */

/* Begin XCBuildConfiguration section */
		7958A7E42B8DB08E007372AF /* Debug */ = {
			isa = XCBuildConfiguration;
			buildSettings = {
				ALWAYS_SEARCH_USER_PATHS = NO;
				ASSETCATALOG_COMPILER_GENERATE_SWIFT_ASSET_SYMBOL_EXTENSIONS = YES;
				CLANG_ANALYZER_NONNULL = YES;
				CLANG_ANALYZER_NUMBER_OBJECT_CONVERSION = YES_AGGRESSIVE;
				CLANG_CXX_LANGUAGE_STANDARD = "gnu++20";
				CLANG_ENABLE_MODULES = YES;
				CLANG_ENABLE_OBJC_ARC = YES;
				CLANG_ENABLE_OBJC_WEAK = YES;
				CLANG_WARN_BLOCK_CAPTURE_AUTORELEASING = YES;
				CLANG_WARN_BOOL_CONVERSION = YES;
				CLANG_WARN_COMMA = YES;
				CLANG_WARN_CONSTANT_CONVERSION = YES;
				CLANG_WARN_DEPRECATED_OBJC_IMPLEMENTATIONS = YES;
				CLANG_WARN_DIRECT_OBJC_ISA_USAGE = YES_ERROR;
				CLANG_WARN_DOCUMENTATION_COMMENTS = YES;
				CLANG_WARN_EMPTY_BODY = YES;
				CLANG_WARN_ENUM_CONVERSION = YES;
				CLANG_WARN_INFINITE_RECURSION = YES;
				CLANG_WARN_INT_CONVERSION = YES;
				CLANG_WARN_NON_LITERAL_NULL_CONVERSION = YES;
				CLANG_WARN_OBJC_IMPLICIT_RETAIN_SELF = YES;
				CLANG_WARN_OBJC_LITERAL_CONVERSION = YES;
				CLANG_WARN_OBJC_ROOT_CLASS = YES_ERROR;
				CLANG_WARN_QUOTED_INCLUDE_IN_FRAMEWORK_HEADER = YES;
				CLANG_WARN_RANGE_LOOP_ANALYSIS = YES;
				CLANG_WARN_STRICT_PROTOTYPES = YES;
				CLANG_WARN_SUSPICIOUS_MOVE = YES;
				CLANG_WARN_UNGUARDED_AVAILABILITY = YES_AGGRESSIVE;
				CLANG_WARN_UNREACHABLE_CODE = YES;
				CLANG_WARN__DUPLICATE_METHOD_MATCH = YES;
				COPY_PHASE_STRIP = NO;
				DEBUG_INFORMATION_FORMAT = dwarf;
				ENABLE_STRICT_OBJC_MSGSEND = YES;
				ENABLE_TESTABILITY = YES;
				ENABLE_USER_SCRIPT_SANDBOXING = YES;
				GCC_C_LANGUAGE_STANDARD = gnu17;
				GCC_DYNAMIC_NO_PIC = NO;
				GCC_NO_COMMON_BLOCKS = YES;
				GCC_OPTIMIZATION_LEVEL = 0;
				GCC_PREPROCESSOR_DEFINITIONS = (
					"DEBUG=1",
					"$(inherited)",
				);
				GCC_WARN_64_TO_32_BIT_CONVERSION = YES;
				GCC_WARN_ABOUT_RETURN_TYPE = YES_ERROR;
				GCC_WARN_UNDECLARED_SELECTOR = YES;
				GCC_WARN_UNINITIALIZED_AUTOS = YES_AGGRESSIVE;
				GCC_WARN_UNUSED_FUNCTION = YES;
				GCC_WARN_UNUSED_VARIABLE = YES;
				IPHONEOS_DEPLOYMENT_TARGET = 17.2;
				LOCALIZATION_PREFERS_STRING_CATALOGS = YES;
				MTL_ENABLE_DEBUG_INFO = INCLUDE_SOURCE;
				MTL_FAST_MATH = YES;
				ONLY_ACTIVE_ARCH = YES;
				SDKROOT = iphoneos;
				SWIFT_ACTIVE_COMPILATION_CONDITIONS = "DEBUG $(inherited)";
				SWIFT_OPTIMIZATION_LEVEL = "-Onone";
			};
			name = Debug;
		};
		7958A7E52B8DB08E007372AF /* Release */ = {
			isa = XCBuildConfiguration;
			buildSettings = {
				ALWAYS_SEARCH_USER_PATHS = NO;
				ASSETCATALOG_COMPILER_GENERATE_SWIFT_ASSET_SYMBOL_EXTENSIONS = YES;
				CLANG_ANALYZER_NONNULL = YES;
				CLANG_ANALYZER_NUMBER_OBJECT_CONVERSION = YES_AGGRESSIVE;
				CLANG_CXX_LANGUAGE_STANDARD = "gnu++20";
				CLANG_ENABLE_MODULES = YES;
				CLANG_ENABLE_OBJC_ARC = YES;
				CLANG_ENABLE_OBJC_WEAK = YES;
				CLANG_WARN_BLOCK_CAPTURE_AUTORELEASING = YES;
				CLANG_WARN_BOOL_CONVERSION = YES;
				CLANG_WARN_COMMA = YES;
				CLANG_WARN_CONSTANT_CONVERSION = YES;
				CLANG_WARN_DEPRECATED_OBJC_IMPLEMENTATIONS = YES;
				CLANG_WARN_DIRECT_OBJC_ISA_USAGE = YES_ERROR;
				CLANG_WARN_DOCUMENTATION_COMMENTS = YES;
				CLANG_WARN_EMPTY_BODY = YES;
				CLANG_WARN_ENUM_CONVERSION = YES;
				CLANG_WARN_INFINITE_RECURSION = YES;
				CLANG_WARN_INT_CONVERSION = YES;
				CLANG_WARN_NON_LITERAL_NULL_CONVERSION = YES;
				CLANG_WARN_OBJC_IMPLICIT_RETAIN_SELF = YES;
				CLANG_WARN_OBJC_LITERAL_CONVERSION = YES;
				CLANG_WARN_OBJC_ROOT_CLASS = YES_ERROR;
				CLANG_WARN_QUOTED_INCLUDE_IN_FRAMEWORK_HEADER = YES;
				CLANG_WARN_RANGE_LOOP_ANALYSIS = YES;
				CLANG_WARN_STRICT_PROTOTYPES = YES;
				CLANG_WARN_SUSPICIOUS_MOVE = YES;
				CLANG_WARN_UNGUARDED_AVAILABILITY = YES_AGGRESSIVE;
				CLANG_WARN_UNREACHABLE_CODE = YES;
				CLANG_WARN__DUPLICATE_METHOD_MATCH = YES;
				COPY_PHASE_STRIP = NO;
				DEBUG_INFORMATION_FORMAT = "dwarf-with-dsym";
				ENABLE_NS_ASSERTIONS = NO;
				ENABLE_STRICT_OBJC_MSGSEND = YES;
				ENABLE_USER_SCRIPT_SANDBOXING = YES;
				GCC_C_LANGUAGE_STANDARD = gnu17;
				GCC_NO_COMMON_BLOCKS = YES;
				GCC_WARN_64_TO_32_BIT_CONVERSION = YES;
				GCC_WARN_ABOUT_RETURN_TYPE = YES_ERROR;
				GCC_WARN_UNDECLARED_SELECTOR = YES;
				GCC_WARN_UNINITIALIZED_AUTOS = YES_AGGRESSIVE;
				GCC_WARN_UNUSED_FUNCTION = YES;
				GCC_WARN_UNUSED_VARIABLE = YES;
				IPHONEOS_DEPLOYMENT_TARGET = 17.2;
				LOCALIZATION_PREFERS_STRING_CATALOGS = YES;
				MTL_ENABLE_DEBUG_INFO = NO;
				MTL_FAST_MATH = YES;
				SDKROOT = iphoneos;
				SWIFT_COMPILATION_MODE = wholemodule;
				VALIDATE_PRODUCT = YES;
			};
			name = Release;
		};
		7958A7E72B8DB08E007372AF /* Debug */ = {
			isa = XCBuildConfiguration;
			buildSettings = {
				ASSETCATALOG_COMPILER_APPICON_NAME = AppIcon;
				ASSETCATALOG_COMPILER_GLOBAL_ACCENT_COLOR_NAME = AccentColor;
				CODE_SIGN_STYLE = Automatic;
				CURRENT_PROJECT_VERSION = 1;
				DEVELOPMENT_TEAM = FQNUU3X32C;
				GENERATE_INFOPLIST_FILE = YES;
				INFOPLIST_FILE = CryptoCoinApp/Info.plist;
				INFOPLIST_KEY_CFBundleDisplayName = "차소민";
				INFOPLIST_KEY_UIApplicationSupportsIndirectInputEvents = YES;
				INFOPLIST_KEY_UILaunchStoryboardName = LaunchScreen;
				INFOPLIST_KEY_UIMainStoryboardFile = Main;
				INFOPLIST_KEY_UISupportedInterfaceOrientations = UIInterfaceOrientationPortrait;
				INFOPLIST_KEY_UISupportedInterfaceOrientations_iPad = "UIInterfaceOrientationLandscapeLeft UIInterfaceOrientationLandscapeRight UIInterfaceOrientationPortrait UIInterfaceOrientationPortraitUpsideDown";
				IPHONEOS_DEPLOYMENT_TARGET = 15.0;
				LD_RUNPATH_SEARCH_PATHS = (
					"$(inherited)",
					"@executable_path/Frameworks",
				);
				MARKETING_VERSION = 1.0;
				PRODUCT_BUNDLE_IDENTIFIER = com.chasomin.CryptoCoinApp;
				PRODUCT_NAME = "$(TARGET_NAME)";
				SUPPORTED_PLATFORMS = "iphoneos iphonesimulator";
				SUPPORTS_MACCATALYST = NO;
				SUPPORTS_MAC_DESIGNED_FOR_IPHONE_IPAD = NO;
				SUPPORTS_XR_DESIGNED_FOR_IPHONE_IPAD = NO;
				SWIFT_EMIT_LOC_STRINGS = YES;
				SWIFT_VERSION = 5.0;
				TARGETED_DEVICE_FAMILY = 1;
			};
			name = Debug;
		};
		7958A7E82B8DB08E007372AF /* Release */ = {
			isa = XCBuildConfiguration;
			buildSettings = {
				ASSETCATALOG_COMPILER_APPICON_NAME = AppIcon;
				ASSETCATALOG_COMPILER_GLOBAL_ACCENT_COLOR_NAME = AccentColor;
				CODE_SIGN_STYLE = Automatic;
				CURRENT_PROJECT_VERSION = 1;
				DEVELOPMENT_TEAM = FQNUU3X32C;
				GENERATE_INFOPLIST_FILE = YES;
				INFOPLIST_FILE = CryptoCoinApp/Info.plist;
				INFOPLIST_KEY_CFBundleDisplayName = "차소민";
				INFOPLIST_KEY_UIApplicationSupportsIndirectInputEvents = YES;
				INFOPLIST_KEY_UILaunchStoryboardName = LaunchScreen;
				INFOPLIST_KEY_UIMainStoryboardFile = Main;
				INFOPLIST_KEY_UISupportedInterfaceOrientations = UIInterfaceOrientationPortrait;
				INFOPLIST_KEY_UISupportedInterfaceOrientations_iPad = "UIInterfaceOrientationLandscapeLeft UIInterfaceOrientationLandscapeRight UIInterfaceOrientationPortrait UIInterfaceOrientationPortraitUpsideDown";
				IPHONEOS_DEPLOYMENT_TARGET = 15.0;
				LD_RUNPATH_SEARCH_PATHS = (
					"$(inherited)",
					"@executable_path/Frameworks",
				);
				MARKETING_VERSION = 1.0;
				PRODUCT_BUNDLE_IDENTIFIER = com.chasomin.CryptoCoinApp;
				PRODUCT_NAME = "$(TARGET_NAME)";
				SUPPORTED_PLATFORMS = "iphoneos iphonesimulator";
				SUPPORTS_MACCATALYST = NO;
				SUPPORTS_MAC_DESIGNED_FOR_IPHONE_IPAD = NO;
				SUPPORTS_XR_DESIGNED_FOR_IPHONE_IPAD = NO;
				SWIFT_EMIT_LOC_STRINGS = YES;
				SWIFT_VERSION = 5.0;
				TARGETED_DEVICE_FAMILY = 1;
			};
			name = Release;
		};
/* End XCBuildConfiguration section */

/* Begin XCConfigurationList section */
		7958A7CD2B8DB08D007372AF /* Build configuration list for PBXProject "CryptoCoinApp" */ = {
			isa = XCConfigurationList;
			buildConfigurations = (
				7958A7E42B8DB08E007372AF /* Debug */,
				7958A7E52B8DB08E007372AF /* Release */,
			);
			defaultConfigurationIsVisible = 0;
			defaultConfigurationName = Release;
		};
		7958A7E62B8DB08E007372AF /* Build configuration list for PBXNativeTarget "CryptoCoinApp" */ = {
			isa = XCConfigurationList;
			buildConfigurations = (
				7958A7E72B8DB08E007372AF /* Debug */,
				7958A7E82B8DB08E007372AF /* Release */,
			);
			defaultConfigurationIsVisible = 0;
			defaultConfigurationName = Release;
		};
/* End XCConfigurationList section */

/* Begin XCRemoteSwiftPackageReference section */
		7958A7E92B8DB116007372AF /* XCRemoteSwiftPackageReference "realm-swift" */ = {
			isa = XCRemoteSwiftPackageReference;
			repositoryURL = "https://github.com/realm/realm-swift.git";
			requirement = {
				kind = exactVersion;
				version = 10.47.0;
			};
		};
		7958A7EE2B8DB121007372AF /* XCRemoteSwiftPackageReference "Alamofire" */ = {
			isa = XCRemoteSwiftPackageReference;
			repositoryURL = "https://github.com/Alamofire/Alamofire";
			requirement = {
				kind = upToNextMajorVersion;
				minimumVersion = 5.8.1;
			};
		};
		7958A7F12B8DB12E007372AF /* XCRemoteSwiftPackageReference "SnapKit" */ = {
			isa = XCRemoteSwiftPackageReference;
			repositoryURL = "https://github.com/SnapKit/SnapKit";
			requirement = {
				kind = upToNextMajorVersion;
				minimumVersion = 5.7.1;
			};
		};
		7958A7F42B8DB180007372AF /* XCRemoteSwiftPackageReference "Charts" */ = {
			isa = XCRemoteSwiftPackageReference;
			repositoryURL = "https://github.com/danielgindi/Charts";
			requirement = {
				kind = upToNextMajorVersion;
				minimumVersion = 5.1.0;
			};
		};
		7958A7F72B8DB18F007372AF /* XCRemoteSwiftPackageReference "Toast-Swift" */ = {
			isa = XCRemoteSwiftPackageReference;
			repositoryURL = "https://github.com/scalessec/Toast-Swift";
			requirement = {
				kind = upToNextMajorVersion;
				minimumVersion = 5.1.0;
			};
		};
		7958A7FA2B8DB1B5007372AF /* XCRemoteSwiftPackageReference "Kingfisher" */ = {
			isa = XCRemoteSwiftPackageReference;
			repositoryURL = "https://github.com/onevcat/Kingfisher";
			requirement = {
				kind = upToNextMajorVersion;
				minimumVersion = 7.11.0;
			};
		};
/* End XCRemoteSwiftPackageReference section */

/* Begin XCSwiftPackageProductDependency section */
		7958A7EA2B8DB116007372AF /* Realm */ = {
			isa = XCSwiftPackageProductDependency;
			package = 7958A7E92B8DB116007372AF /* XCRemoteSwiftPackageReference "realm-swift" */;
			productName = Realm;
		};
		7958A7EC2B8DB116007372AF /* RealmSwift */ = {
			isa = XCSwiftPackageProductDependency;
			package = 7958A7E92B8DB116007372AF /* XCRemoteSwiftPackageReference "realm-swift" */;
			productName = RealmSwift;
		};
		7958A7EF2B8DB121007372AF /* Alamofire */ = {
			isa = XCSwiftPackageProductDependency;
			package = 7958A7EE2B8DB121007372AF /* XCRemoteSwiftPackageReference "Alamofire" */;
			productName = Alamofire;
		};
		7958A7F22B8DB12E007372AF /* SnapKit */ = {
			isa = XCSwiftPackageProductDependency;
			package = 7958A7F12B8DB12E007372AF /* XCRemoteSwiftPackageReference "SnapKit" */;
			productName = SnapKit;
		};
		7958A7F52B8DB180007372AF /* DGCharts */ = {
			isa = XCSwiftPackageProductDependency;
			package = 7958A7F42B8DB180007372AF /* XCRemoteSwiftPackageReference "Charts" */;
			productName = DGCharts;
		};
		7958A7F82B8DB18F007372AF /* Toast */ = {
			isa = XCSwiftPackageProductDependency;
			package = 7958A7F72B8DB18F007372AF /* XCRemoteSwiftPackageReference "Toast-Swift" */;
			productName = Toast;
		};
		7958A7FB2B8DB1B5007372AF /* Kingfisher */ = {
			isa = XCSwiftPackageProductDependency;
			package = 7958A7FA2B8DB1B5007372AF /* XCRemoteSwiftPackageReference "Kingfisher" */;
			productName = Kingfisher;
		};
/* End XCSwiftPackageProductDependency section */
	};
	rootObject = 7958A7CA2B8DB08D007372AF /* Project object */;
}
